// !$*UTF8*$!
{
	archiveVersion = 1;
	classes = {
	};
	objectVersion = 46;
	objects = {

/* Begin PBXBuildFile section */
		07EE5981D87432E256991331 /* Pods_FitBud.framework in Frameworks */ = {isa = PBXBuildFile; fileRef = 6073A6561CCA47519AF70B25 /* Pods_FitBud.framework */; };
		1B1A11494F2B80A6D801EC31 /* Pods_FitBudUITests.framework in Frameworks */ = {isa = PBXBuildFile; fileRef = 61AE71577FCAFBA4721BF5FE /* Pods_FitBudUITests.framework */; };
		8A2579E51EAD4B5C00B5F162 /* GoogleService-Info.plist in Resources */ = {isa = PBXBuildFile; fileRef = 8A2579E41EAD4B5C00B5F162 /* GoogleService-Info.plist */; };
		8A29CA3C1EAE54F7007E7351 /* resetPasswordViewController.swift in Sources */ = {isa = PBXBuildFile; fileRef = 8A29CA3B1EAE54F7007E7351 /* resetPasswordViewController.swift */; };
		8A7D61CA1E9E8A3000614776 /* AppDelegate.swift in Sources */ = {isa = PBXBuildFile; fileRef = 8A7D61C91E9E8A3000614776 /* AppDelegate.swift */; };
		8A7D61CC1E9E8A3000614776 /* ViewController.swift in Sources */ = {isa = PBXBuildFile; fileRef = 8A7D61CB1E9E8A3000614776 /* ViewController.swift */; };
		8A7D61D11E9E8A3000614776 /* Assets.xcassets in Resources */ = {isa = PBXBuildFile; fileRef = 8A7D61D01E9E8A3000614776 /* Assets.xcassets */; };
		8A7D61D41E9E8A3000614776 /* LaunchScreen.storyboard in Resources */ = {isa = PBXBuildFile; fileRef = 8A7D61D21E9E8A3000614776 /* LaunchScreen.storyboard */; };
		8A7D61DF1E9E8A3100614776 /* FitBudTests.swift in Sources */ = {isa = PBXBuildFile; fileRef = 8A7D61DE1E9E8A3100614776 /* FitBudTests.swift */; };
		8A7D61EA1E9E8A3100614776 /* FitBudUITests.swift in Sources */ = {isa = PBXBuildFile; fileRef = 8A7D61E91E9E8A3100614776 /* FitBudUITests.swift */; };
		8A7D61F81E9E93C000614776 /* RegisterPageViewController.swift in Sources */ = {isa = PBXBuildFile; fileRef = 8A7D61F71E9E93C000614776 /* RegisterPageViewController.swift */; };
		8A7D61FA1E9E9D3A00614776 /* LoginViewController.swift in Sources */ = {isa = PBXBuildFile; fileRef = 8A7D61F91E9E9D3A00614776 /* LoginViewController.swift */; };
		8A7D62031EA378A100614776 /* LeftSideViewController.swift in Sources */ = {isa = PBXBuildFile; fileRef = 8A7D62021EA378A100614776 /* LeftSideViewController.swift */; };
		8A7D62051EA378B300614776 /* RightSideViewController.swift in Sources */ = {isa = PBXBuildFile; fileRef = 8A7D62041EA378B300614776 /* RightSideViewController.swift */; };
		8ABB31281EA53C94006272DC /* db.jpg in Resources */ = {isa = PBXBuildFile; fileRef = 8ABB31251EA53C94006272DC /* db.jpg */; };
		8ABB31291EA53C94006272DC /* gm.jpg in Resources */ = {isa = PBXBuildFile; fileRef = 8ABB31261EA53C94006272DC /* gm.jpg */; };
		8ABB312A1EA53C94006272DC /* hdh.jpg in Resources */ = {isa = PBXBuildFile; fileRef = 8ABB31271EA53C94006272DC /* hdh.jpg */; };
		8ABB312D1EA53CCE006272DC /* Main.storyboard in Resources */ = {isa = PBXBuildFile; fileRef = 8ABB312B1EA53CCE006272DC /* Main.storyboard */; };
		8ABB312F1EA6522F006272DC /* MyCustomTableViewCell.swift in Sources */ = {isa = PBXBuildFile; fileRef = 8ABB312E1EA6522F006272DC /* MyCustomTableViewCell.swift */; };
		8ABB31331EA65EF2006272DC /* EditProfileViewController.swift in Sources */ = {isa = PBXBuildFile; fileRef = 8ABB31321EA65EF2006272DC /* EditProfileViewController.swift */; };
		8ABB31351EA65F25006272DC /* AboutViewController.swift in Sources */ = {isa = PBXBuildFile; fileRef = 8ABB31341EA65F25006272DC /* AboutViewController.swift */; };
		A6F3403B62AA9F2DCDFB3A7F /* Pods_FitBudTests.framework in Frameworks */ = {isa = PBXBuildFile; fileRef = 9363789CB59E85F7EE2DB91E /* Pods_FitBudTests.framework */; };
/* End PBXBuildFile section */

/* Begin PBXContainerItemProxy section */
		8A7D61DB1E9E8A3100614776 /* PBXContainerItemProxy */ = {
			isa = PBXContainerItemProxy;
			containerPortal = 8A7D61BE1E9E8A3000614776 /* Project object */;
			proxyType = 1;
			remoteGlobalIDString = 8A7D61C51E9E8A3000614776;
			remoteInfo = FitBud;
		};
		8A7D61E61E9E8A3100614776 /* PBXContainerItemProxy */ = {
			isa = PBXContainerItemProxy;
			containerPortal = 8A7D61BE1E9E8A3000614776 /* Project object */;
			proxyType = 1;
			remoteGlobalIDString = 8A7D61C51E9E8A3000614776;
			remoteInfo = FitBud;
		};
/* End PBXContainerItemProxy section */

/* Begin PBXFileReference section */
		0E0299395664B91EA7BB3D26 /* Pods-FitBudUITests.debug.xcconfig */ = {isa = PBXFileReference; includeInIndex = 1; lastKnownFileType = text.xcconfig; name = "Pods-FitBudUITests.debug.xcconfig"; path = "Pods/Target Support Files/Pods-FitBudUITests/Pods-FitBudUITests.debug.xcconfig"; sourceTree = "<group>"; };
		51748DFCA57F23F3D067DF56 /* Pods-FitBudUITests.release.xcconfig */ = {isa = PBXFileReference; includeInIndex = 1; lastKnownFileType = text.xcconfig; name = "Pods-FitBudUITests.release.xcconfig"; path = "Pods/Target Support Files/Pods-FitBudUITests/Pods-FitBudUITests.release.xcconfig"; sourceTree = "<group>"; };
		6073A6561CCA47519AF70B25 /* Pods_FitBud.framework */ = {isa = PBXFileReference; explicitFileType = wrapper.framework; includeInIndex = 0; path = Pods_FitBud.framework; sourceTree = BUILT_PRODUCTS_DIR; };
		61AE71577FCAFBA4721BF5FE /* Pods_FitBudUITests.framework */ = {isa = PBXFileReference; explicitFileType = wrapper.framework; includeInIndex = 0; path = Pods_FitBudUITests.framework; sourceTree = BUILT_PRODUCTS_DIR; };
		8A2579E41EAD4B5C00B5F162 /* GoogleService-Info.plist */ = {isa = PBXFileReference; fileEncoding = 4; lastKnownFileType = text.plist.xml; path = "GoogleService-Info.plist"; sourceTree = "<group>"; };
		8A29CA3B1EAE54F7007E7351 /* resetPasswordViewController.swift */ = {isa = PBXFileReference; fileEncoding = 4; lastKnownFileType = sourcecode.swift; path = resetPasswordViewController.swift; sourceTree = "<group>"; };
		8A7D61C61E9E8A3000614776 /* FitBud.app */ = {isa = PBXFileReference; explicitFileType = wrapper.application; includeInIndex = 0; path = FitBud.app; sourceTree = BUILT_PRODUCTS_DIR; };
		8A7D61C91E9E8A3000614776 /* AppDelegate.swift */ = {isa = PBXFileReference; lastKnownFileType = sourcecode.swift; path = AppDelegate.swift; sourceTree = "<group>"; };
		8A7D61CB1E9E8A3000614776 /* ViewController.swift */ = {isa = PBXFileReference; lastKnownFileType = sourcecode.swift; path = ViewController.swift; sourceTree = "<group>"; };
		8A7D61D01E9E8A3000614776 /* Assets.xcassets */ = {isa = PBXFileReference; lastKnownFileType = folder.assetcatalog; path = Assets.xcassets; sourceTree = "<group>"; };
		8A7D61D31E9E8A3000614776 /* Base */ = {isa = PBXFileReference; lastKnownFileType = file.storyboard; name = Base; path = Base.lproj/LaunchScreen.storyboard; sourceTree = "<group>"; };
		8A7D61D51E9E8A3000614776 /* Info.plist */ = {isa = PBXFileReference; lastKnownFileType = text.plist.xml; path = Info.plist; sourceTree = "<group>"; };
		8A7D61DA1E9E8A3100614776 /* FitBudTests.xctest */ = {isa = PBXFileReference; explicitFileType = wrapper.cfbundle; includeInIndex = 0; path = FitBudTests.xctest; sourceTree = BUILT_PRODUCTS_DIR; };
		8A7D61DE1E9E8A3100614776 /* FitBudTests.swift */ = {isa = PBXFileReference; lastKnownFileType = sourcecode.swift; path = FitBudTests.swift; sourceTree = "<group>"; };
		8A7D61E01E9E8A3100614776 /* Info.plist */ = {isa = PBXFileReference; lastKnownFileType = text.plist.xml; path = Info.plist; sourceTree = "<group>"; };
		8A7D61E51E9E8A3100614776 /* FitBudUITests.xctest */ = {isa = PBXFileReference; explicitFileType = wrapper.cfbundle; includeInIndex = 0; path = FitBudUITests.xctest; sourceTree = BUILT_PRODUCTS_DIR; };
		8A7D61E91E9E8A3100614776 /* FitBudUITests.swift */ = {isa = PBXFileReference; lastKnownFileType = sourcecode.swift; path = FitBudUITests.swift; sourceTree = "<group>"; };
		8A7D61EB1E9E8A3100614776 /* Info.plist */ = {isa = PBXFileReference; lastKnownFileType = text.plist.xml; path = Info.plist; sourceTree = "<group>"; };
		8A7D61F71E9E93C000614776 /* RegisterPageViewController.swift */ = {isa = PBXFileReference; fileEncoding = 4; lastKnownFileType = sourcecode.swift; path = RegisterPageViewController.swift; sourceTree = "<group>"; };
		8A7D61F91E9E9D3A00614776 /* LoginViewController.swift */ = {isa = PBXFileReference; fileEncoding = 4; lastKnownFileType = sourcecode.swift; path = LoginViewController.swift; sourceTree = "<group>"; };
		8A7D62021EA378A100614776 /* LeftSideViewController.swift */ = {isa = PBXFileReference; fileEncoding = 4; lastKnownFileType = sourcecode.swift; path = LeftSideViewController.swift; sourceTree = "<group>"; };
		8A7D62041EA378B300614776 /* RightSideViewController.swift */ = {isa = PBXFileReference; fileEncoding = 4; lastKnownFileType = sourcecode.swift; path = RightSideViewController.swift; sourceTree = "<group>"; };
		8ABB31251EA53C94006272DC /* db.jpg */ = {isa = PBXFileReference; lastKnownFileType = image.jpeg; path = db.jpg; sourceTree = "<group>"; };
		8ABB31261EA53C94006272DC /* gm.jpg */ = {isa = PBXFileReference; lastKnownFileType = image.jpeg; path = gm.jpg; sourceTree = "<group>"; };
		8ABB31271EA53C94006272DC /* hdh.jpg */ = {isa = PBXFileReference; lastKnownFileType = image.jpeg; path = hdh.jpg; sourceTree = "<group>"; };
		8ABB312C1EA53CCE006272DC /* Base */ = {isa = PBXFileReference; lastKnownFileType = file.storyboard; name = Base; path = Base.lproj/Main.storyboard; sourceTree = "<group>"; };
		8ABB312E1EA6522F006272DC /* MyCustomTableViewCell.swift */ = {isa = PBXFileReference; fileEncoding = 4; lastKnownFileType = sourcecode.swift; path = MyCustomTableViewCell.swift; sourceTree = "<group>"; };
		8ABB31321EA65EF2006272DC /* EditProfileViewController.swift */ = {isa = PBXFileReference; fileEncoding = 4; lastKnownFileType = sourcecode.swift; path = EditProfileViewController.swift; sourceTree = "<group>"; };
		8ABB31341EA65F25006272DC /* AboutViewController.swift */ = {isa = PBXFileReference; fileEncoding = 4; lastKnownFileType = sourcecode.swift; path = AboutViewController.swift; sourceTree = "<group>"; };
		9363789CB59E85F7EE2DB91E /* Pods_FitBudTests.framework */ = {isa = PBXFileReference; explicitFileType = wrapper.framework; includeInIndex = 0; path = Pods_FitBudTests.framework; sourceTree = BUILT_PRODUCTS_DIR; };
		A6D594667BF9DEEB08185FDC /* Pods-FitBud.debug.xcconfig */ = {isa = PBXFileReference; includeInIndex = 1; lastKnownFileType = text.xcconfig; name = "Pods-FitBud.debug.xcconfig"; path = "Pods/Target Support Files/Pods-FitBud/Pods-FitBud.debug.xcconfig"; sourceTree = "<group>"; };
		C1F450593990EF07BFF09BC8 /* Pods-FitBudTests.debug.xcconfig */ = {isa = PBXFileReference; includeInIndex = 1; lastKnownFileType = text.xcconfig; name = "Pods-FitBudTests.debug.xcconfig"; path = "Pods/Target Support Files/Pods-FitBudTests/Pods-FitBudTests.debug.xcconfig"; sourceTree = "<group>"; };
		CB0562FEBFB29E8BAD9A12A0 /* Pods-FitBud.release.xcconfig */ = {isa = PBXFileReference; includeInIndex = 1; lastKnownFileType = text.xcconfig; name = "Pods-FitBud.release.xcconfig"; path = "Pods/Target Support Files/Pods-FitBud/Pods-FitBud.release.xcconfig"; sourceTree = "<group>"; };
		E372083A7A94C5811371729E /* Pods-FitBudTests.release.xcconfig */ = {isa = PBXFileReference; includeInIndex = 1; lastKnownFileType = text.xcconfig; name = "Pods-FitBudTests.release.xcconfig"; path = "Pods/Target Support Files/Pods-FitBudTests/Pods-FitBudTests.release.xcconfig"; sourceTree = "<group>"; };
/* End PBXFileReference section */

/* Begin PBXFrameworksBuildPhase section */
		8A7D61C31E9E8A3000614776 /* Frameworks */ = {
			isa = PBXFrameworksBuildPhase;
			buildActionMask = 2147483647;
			files = (
				07EE5981D87432E256991331 /* Pods_FitBud.framework in Frameworks */,
			);
			runOnlyForDeploymentPostprocessing = 0;
		};
		8A7D61D71E9E8A3100614776 /* Frameworks */ = {
			isa = PBXFrameworksBuildPhase;
			buildActionMask = 2147483647;
			files = (
				A6F3403B62AA9F2DCDFB3A7F /* Pods_FitBudTests.framework in Frameworks */,
			);
			runOnlyForDeploymentPostprocessing = 0;
		};
		8A7D61E21E9E8A3100614776 /* Frameworks */ = {
			isa = PBXFrameworksBuildPhase;
			buildActionMask = 2147483647;
			files = (
				1B1A11494F2B80A6D801EC31 /* Pods_FitBudUITests.framework in Frameworks */,
			);
			runOnlyForDeploymentPostprocessing = 0;
		};
/* End PBXFrameworksBuildPhase section */

/* Begin PBXGroup section */
		8A29CA3D1EAE579F007E7351 /* User Data */ = {
			isa = PBXGroup;
			children = (
				8A29CA3B1EAE54F7007E7351 /* resetPasswordViewController.swift */,
				8A7D61F71E9E93C000614776 /* RegisterPageViewController.swift */,
				8A7D61F91E9E9D3A00614776 /* LoginViewController.swift */,
				8ABB31321EA65EF2006272DC /* EditProfileViewController.swift */,
			);
			name = "User Data";
			sourceTree = "<group>";
		};
		8A29CA3E1EAE57E0007E7351 /* Layout */ = {
			isa = PBXGroup;
			children = (
				8A7D61C91E9E8A3000614776 /* AppDelegate.swift */,
				8A7D61CB1E9E8A3000614776 /* ViewController.swift */,
				8A7D62021EA378A100614776 /* LeftSideViewController.swift */,
				8A7D62041EA378B300614776 /* RightSideViewController.swift */,
				8ABB312E1EA6522F006272DC /* MyCustomTableViewCell.swift */,
			);
			name = Layout;
			sourceTree = "<group>";
		};
		8A29CA3F1EAE582A007E7351 /* Additional Functions */ = {
			isa = PBXGroup;
			children = (
				8ABB31341EA65F25006272DC /* AboutViewController.swift */,
			);
			name = "Additional Functions";
			sourceTree = "<group>";
		};
		8A7D61BD1E9E8A3000614776 = {
			isa = PBXGroup;
			children = (
				8A7D61C81E9E8A3000614776 /* FitBud */,
				8A7D61DD1E9E8A3100614776 /* FitBudTests */,
				8A7D61E81E9E8A3100614776 /* FitBudUITests */,
				8A7D61C71E9E8A3000614776 /* Products */,
				B6AF85EA2FD795BCDE39FB28 /* Pods */,
				A611918CA4157CDBE40A66AE /* Frameworks */,
			);
			sourceTree = "<group>";
		};
		8A7D61C71E9E8A3000614776 /* Products */ = {
			isa = PBXGroup;
			children = (
				8A7D61C61E9E8A3000614776 /* FitBud.app */,
				8A7D61DA1E9E8A3100614776 /* FitBudTests.xctest */,
				8A7D61E51E9E8A3100614776 /* FitBudUITests.xctest */,
			);
			name = Products;
			sourceTree = "<group>";
		};
		8A7D61C81E9E8A3000614776 /* FitBud */ = {
			isa = PBXGroup;
			children = (
				8A29CA3F1EAE582A007E7351 /* Additional Functions */,
				8A29CA3D1EAE579F007E7351 /* User Data */,
				8ABB31241EA53C4B006272DC /* Images */,
				8A29CA3E1EAE57E0007E7351 /* Layout */,
				8ABB312B1EA53CCE006272DC /* Main.storyboard */,
				8A7D61D01E9E8A3000614776 /* Assets.xcassets */,
				8A7D61D21E9E8A3000614776 /* LaunchScreen.storyboard */,
				8A2579E41EAD4B5C00B5F162 /* GoogleService-Info.plist */,
				8A7D61D51E9E8A3000614776 /* Info.plist */,
			);
			path = FitBud;
			sourceTree = "<group>";
		};
		8A7D61DD1E9E8A3100614776 /* FitBudTests */ = {
			isa = PBXGroup;
			children = (
				8A7D61DE1E9E8A3100614776 /* FitBudTests.swift */,
				8A7D61E01E9E8A3100614776 /* Info.plist */,
			);
			path = FitBudTests;
			sourceTree = "<group>";
		};
		8A7D61E81E9E8A3100614776 /* FitBudUITests */ = {
			isa = PBXGroup;
			children = (
				8A7D61E91E9E8A3100614776 /* FitBudUITests.swift */,
				8A7D61EB1E9E8A3100614776 /* Info.plist */,
			);
			path = FitBudUITests;
			sourceTree = "<group>";
		};
		8ABB31241EA53C4B006272DC /* Images */ = {
			isa = PBXGroup;
			children = (
				8ABB31251EA53C94006272DC /* db.jpg */,
				8ABB31261EA53C94006272DC /* gm.jpg */,
				8ABB31271EA53C94006272DC /* hdh.jpg */,
			);
			name = Images;
			sourceTree = "<group>";
		};
		A611918CA4157CDBE40A66AE /* Frameworks */ = {
			isa = PBXGroup;
			children = (
				6073A6561CCA47519AF70B25 /* Pods_FitBud.framework */,
				9363789CB59E85F7EE2DB91E /* Pods_FitBudTests.framework */,
				61AE71577FCAFBA4721BF5FE /* Pods_FitBudUITests.framework */,
			);
			name = Frameworks;
			sourceTree = "<group>";
		};
		B6AF85EA2FD795BCDE39FB28 /* Pods */ = {
			isa = PBXGroup;
			children = (
				A6D594667BF9DEEB08185FDC /* Pods-FitBud.debug.xcconfig */,
				CB0562FEBFB29E8BAD9A12A0 /* Pods-FitBud.release.xcconfig */,
				C1F450593990EF07BFF09BC8 /* Pods-FitBudTests.debug.xcconfig */,
				E372083A7A94C5811371729E /* Pods-FitBudTests.release.xcconfig */,
				0E0299395664B91EA7BB3D26 /* Pods-FitBudUITests.debug.xcconfig */,
				51748DFCA57F23F3D067DF56 /* Pods-FitBudUITests.release.xcconfig */,
			);
			name = Pods;
			sourceTree = "<group>";
		};
/* End PBXGroup section */

/* Begin PBXNativeTarget section */
		8A7D61C51E9E8A3000614776 /* FitBud */ = {
			isa = PBXNativeTarget;
			buildConfigurationList = 8A7D61EE1E9E8A3100614776 /* Build configuration list for PBXNativeTarget "FitBud" */;
			buildPhases = (
				A9BD1C406918A7A4DAEEF5CE /* [CP] Check Pods Manifest.lock */,
				8A7D61C21E9E8A3000614776 /* Sources */,
				8A7D61C31E9E8A3000614776 /* Frameworks */,
				8A7D61C41E9E8A3000614776 /* Resources */,
				168639B5F4444AE7CFB4F3B4 /* [CP] Embed Pods Frameworks */,
				3A3BD9826D9F7348A8B39527 /* [CP] Copy Pods Resources */,
			);
			buildRules = (
			);
			dependencies = (
			);
			name = FitBud;
			productName = FitBud;
			productReference = 8A7D61C61E9E8A3000614776 /* FitBud.app */;
			productType = "com.apple.product-type.application";
		};
		8A7D61D91E9E8A3100614776 /* FitBudTests */ = {
			isa = PBXNativeTarget;
			buildConfigurationList = 8A7D61F11E9E8A3100614776 /* Build configuration list for PBXNativeTarget "FitBudTests" */;
			buildPhases = (
				8C65AEA4E0BA4E0658377CDA /* [CP] Check Pods Manifest.lock */,
				8A7D61D61E9E8A3100614776 /* Sources */,
				8A7D61D71E9E8A3100614776 /* Frameworks */,
				8A7D61D81E9E8A3100614776 /* Resources */,
				4FA3742228507A3E9D8A35FA /* [CP] Embed Pods Frameworks */,
				ED545D73E42E800947EC6DE3 /* [CP] Copy Pods Resources */,
			);
			buildRules = (
			);
			dependencies = (
				8A7D61DC1E9E8A3100614776 /* PBXTargetDependency */,
			);
			name = FitBudTests;
			productName = FitBudTests;
			productReference = 8A7D61DA1E9E8A3100614776 /* FitBudTests.xctest */;
			productType = "com.apple.product-type.bundle.unit-test";
		};
		8A7D61E41E9E8A3100614776 /* FitBudUITests */ = {
			isa = PBXNativeTarget;
			buildConfigurationList = 8A7D61F41E9E8A3100614776 /* Build configuration list for PBXNativeTarget "FitBudUITests" */;
			buildPhases = (
				CA0EDDE06C01C398A01574AB /* [CP] Check Pods Manifest.lock */,
				8A7D61E11E9E8A3100614776 /* Sources */,
				8A7D61E21E9E8A3100614776 /* Frameworks */,
				8A7D61E31E9E8A3100614776 /* Resources */,
				6ED482E9BE075CCE04FB1DFD /* [CP] Embed Pods Frameworks */,
				ACDBA3A77058DFB1FBB4F437 /* [CP] Copy Pods Resources */,
			);
			buildRules = (
			);
			dependencies = (
				8A7D61E71E9E8A3100614776 /* PBXTargetDependency */,
			);
			name = FitBudUITests;
			productName = FitBudUITests;
			productReference = 8A7D61E51E9E8A3100614776 /* FitBudUITests.xctest */;
			productType = "com.apple.product-type.bundle.ui-testing";
		};
/* End PBXNativeTarget section */

/* Begin PBXProject section */
		8A7D61BE1E9E8A3000614776 /* Project object */ = {
			isa = PBXProject;
			attributes = {
				LastSwiftUpdateCheck = 0820;
				LastUpgradeCheck = 0820;
				ORGANIZATIONNAME = TheGrandWizard;
				TargetAttributes = {
					8A7D61C51E9E8A3000614776 = {
						CreatedOnToolsVersion = 8.2.1;
						DevelopmentTeam = DGJ9JL7A3W;
						LastSwiftMigration = 0820;
						ProvisioningStyle = Automatic;
					};
					8A7D61D91E9E8A3100614776 = {
						CreatedOnToolsVersion = 8.2.1;
						DevelopmentTeam = DGJ9JL7A3W;
						ProvisioningStyle = Automatic;
						TestTargetID = 8A7D61C51E9E8A3000614776;
					};
					8A7D61E41E9E8A3100614776 = {
						CreatedOnToolsVersion = 8.2.1;
						DevelopmentTeam = DGJ9JL7A3W;
						ProvisioningStyle = Automatic;
						TestTargetID = 8A7D61C51E9E8A3000614776;
					};
				};
			};
			buildConfigurationList = 8A7D61C11E9E8A3000614776 /* Build configuration list for PBXProject "FitBud" */;
			compatibilityVersion = "Xcode 3.2";
			developmentRegion = English;
			hasScannedForEncodings = 0;
			knownRegions = (
				en,
				Base,
			);
			mainGroup = 8A7D61BD1E9E8A3000614776;
			productRefGroup = 8A7D61C71E9E8A3000614776 /* Products */;
			projectDirPath = "";
			projectRoot = "";
			targets = (
				8A7D61C51E9E8A3000614776 /* FitBud */,
				8A7D61D91E9E8A3100614776 /* FitBudTests */,
				8A7D61E41E9E8A3100614776 /* FitBudUITests */,
			);
		};
/* End PBXProject section */

/* Begin PBXResourcesBuildPhase section */
		8A7D61C41E9E8A3000614776 /* Resources */ = {
			isa = PBXResourcesBuildPhase;
			buildActionMask = 2147483647;
			files = (
				8ABB312A1EA53C94006272DC /* hdh.jpg in Resources */,
				8ABB31291EA53C94006272DC /* gm.jpg in Resources */,
				8A7D61D41E9E8A3000614776 /* LaunchScreen.storyboard in Resources */,
				8ABB312D1EA53CCE006272DC /* Main.storyboard in Resources */,
				8A7D61D11E9E8A3000614776 /* Assets.xcassets in Resources */,
				8ABB31281EA53C94006272DC /* db.jpg in Resources */,
				8A2579E51EAD4B5C00B5F162 /* GoogleService-Info.plist in Resources */,
			);
			runOnlyForDeploymentPostprocessing = 0;
		};
		8A7D61D81E9E8A3100614776 /* Resources */ = {
			isa = PBXResourcesBuildPhase;
			buildActionMask = 2147483647;
			files = (
			);
			runOnlyForDeploymentPostprocessing = 0;
		};
		8A7D61E31E9E8A3100614776 /* Resources */ = {
			isa = PBXResourcesBuildPhase;
			buildActionMask = 2147483647;
			files = (
			);
			runOnlyForDeploymentPostprocessing = 0;
		};
/* End PBXResourcesBuildPhase section */

/* Begin PBXShellScriptBuildPhase section */
		168639B5F4444AE7CFB4F3B4 /* [CP] Embed Pods Frameworks */ = {
			isa = PBXShellScriptBuildPhase;
			buildActionMask = 2147483647;
			files = (
			);
			inputPaths = (
			);
			name = "[CP] Embed Pods Frameworks";
			outputPaths = (
			);
			runOnlyForDeploymentPostprocessing = 0;
			shellPath = /bin/sh;
			shellScript = "\"${SRCROOT}/Pods/Target Support Files/Pods-FitBud/Pods-FitBud-frameworks.sh\"\n";
			showEnvVarsInLog = 0;
		};
		3A3BD9826D9F7348A8B39527 /* [CP] Copy Pods Resources */ = {
			isa = PBXShellScriptBuildPhase;
			buildActionMask = 2147483647;
			files = (
			);
			inputPaths = (
			);
			name = "[CP] Copy Pods Resources";
			outputPaths = (
			);
			runOnlyForDeploymentPostprocessing = 0;
			shellPath = /bin/sh;
			shellScript = "\"${SRCROOT}/Pods/Target Support Files/Pods-FitBud/Pods-FitBud-resources.sh\"\n";
			showEnvVarsInLog = 0;
		};
		4FA3742228507A3E9D8A35FA /* [CP] Embed Pods Frameworks */ = {
			isa = PBXShellScriptBuildPhase;
			buildActionMask = 2147483647;
			files = (
			);
			inputPaths = (
			);
			name = "[CP] Embed Pods Frameworks";
			outputPaths = (
			);
			runOnlyForDeploymentPostprocessing = 0;
			shellPath = /bin/sh;
			shellScript = "\"${SRCROOT}/Pods/Target Support Files/Pods-FitBudTests/Pods-FitBudTests-frameworks.sh\"\n";
			showEnvVarsInLog = 0;
		};
		6ED482E9BE075CCE04FB1DFD /* [CP] Embed Pods Frameworks */ = {
			isa = PBXShellScriptBuildPhase;
			buildActionMask = 2147483647;
			files = (
			);
			inputPaths = (
			);
			name = "[CP] Embed Pods Frameworks";
			outputPaths = (
			);
			runOnlyForDeploymentPostprocessing = 0;
			shellPath = /bin/sh;
			shellScript = "\"${SRCROOT}/Pods/Target Support Files/Pods-FitBudUITests/Pods-FitBudUITests-frameworks.sh\"\n";
			showEnvVarsInLog = 0;
		};
		8C65AEA4E0BA4E0658377CDA /* [CP] Check Pods Manifest.lock */ = {
			isa = PBXShellScriptBuildPhase;
			buildActionMask = 2147483647;
			files = (
			);
			inputPaths = (
			);
			name = "[CP] Check Pods Manifest.lock";
			outputPaths = (
			);
			runOnlyForDeploymentPostprocessing = 0;
			shellPath = /bin/sh;
			shellScript = "diff \"${PODS_ROOT}/../Podfile.lock\" \"${PODS_ROOT}/Manifest.lock\" > /dev/null\nif [ $? != 0 ] ; then\n    # print error to STDERR\n    echo \"error: The sandbox is not in sync with the Podfile.lock. Run 'pod install' or update your CocoaPods installation.\" >&2\n    exit 1\nfi\n";
			showEnvVarsInLog = 0;
		};
		A9BD1C406918A7A4DAEEF5CE /* [CP] Check Pods Manifest.lock */ = {
			isa = PBXShellScriptBuildPhase;
			buildActionMask = 2147483647;
			files = (
			);
			inputPaths = (
			);
			name = "[CP] Check Pods Manifest.lock";
			outputPaths = (
			);
			runOnlyForDeploymentPostprocessing = 0;
			shellPath = /bin/sh;
			shellScript = "diff \"${PODS_ROOT}/../Podfile.lock\" \"${PODS_ROOT}/Manifest.lock\" > /dev/null\nif [ $? != 0 ] ; then\n    # print error to STDERR\n    echo \"error: The sandbox is not in sync with the Podfile.lock. Run 'pod install' or update your CocoaPods installation.\" >&2\n    exit 1\nfi\n";
			showEnvVarsInLog = 0;
		};
		ACDBA3A77058DFB1FBB4F437 /* [CP] Copy Pods Resources */ = {
			isa = PBXShellScriptBuildPhase;
			buildActionMask = 2147483647;
			files = (
			);
			inputPaths = (
			);
			name = "[CP] Copy Pods Resources";
			outputPaths = (
			);
			runOnlyForDeploymentPostprocessing = 0;
			shellPath = /bin/sh;
			shellScript = "\"${SRCROOT}/Pods/Target Support Files/Pods-FitBudUITests/Pods-FitBudUITests-resources.sh\"\n";
			showEnvVarsInLog = 0;
		};
		CA0EDDE06C01C398A01574AB /* [CP] Check Pods Manifest.lock */ = {
			isa = PBXShellScriptBuildPhase;
			buildActionMask = 2147483647;
			files = (
			);
			inputPaths = (
			);
			name = "[CP] Check Pods Manifest.lock";
			outputPaths = (
			);
			runOnlyForDeploymentPostprocessing = 0;
			shellPath = /bin/sh;
			shellScript = "diff \"${PODS_ROOT}/../Podfile.lock\" \"${PODS_ROOT}/Manifest.lock\" > /dev/null\nif [ $? != 0 ] ; then\n    # print error to STDERR\n    echo \"error: The sandbox is not in sync with the Podfile.lock. Run 'pod install' or update your CocoaPods installation.\" >&2\n    exit 1\nfi\n";
			showEnvVarsInLog = 0;
		};
		ED545D73E42E800947EC6DE3 /* [CP] Copy Pods Resources */ = {
			isa = PBXShellScriptBuildPhase;
			buildActionMask = 2147483647;
			files = (
			);
			inputPaths = (
			);
			name = "[CP] Copy Pods Resources";
			outputPaths = (
			);
			runOnlyForDeploymentPostprocessing = 0;
			shellPath = /bin/sh;
			shellScript = "\"${SRCROOT}/Pods/Target Support Files/Pods-FitBudTests/Pods-FitBudTests-resources.sh\"\n";
			showEnvVarsInLog = 0;
		};
/* End PBXShellScriptBuildPhase section */

/* Begin PBXSourcesBuildPhase section */
		8A7D61C21E9E8A3000614776 /* Sources */ = {
			isa = PBXSourcesBuildPhase;
			buildActionMask = 2147483647;
			files = (
				8A7D61FA1E9E9D3A00614776 /* LoginViewController.swift in Sources */,
				8A7D61CC1E9E8A3000614776 /* ViewController.swift in Sources */,
				8A7D61CA1E9E8A3000614776 /* AppDelegate.swift in Sources */,
				8A7D62031EA378A100614776 /* LeftSideViewController.swift in Sources */,
				8A7D61F81E9E93C000614776 /* RegisterPageViewController.swift in Sources */,
				8ABB31331EA65EF2006272DC /* EditProfileViewController.swift in Sources */,
				8ABB312F1EA6522F006272DC /* MyCustomTableViewCell.swift in Sources */,
				8ABB31351EA65F25006272DC /* AboutViewController.swift in Sources */,
				8A7D62051EA378B300614776 /* RightSideViewController.swift in Sources */,
				8A29CA3C1EAE54F7007E7351 /* resetPasswordViewController.swift in Sources */,
			);
			runOnlyForDeploymentPostprocessing = 0;
		};
		8A7D61D61E9E8A3100614776 /* Sources */ = {
			isa = PBXSourcesBuildPhase;
			buildActionMask = 2147483647;
			files = (
				8A7D61DF1E9E8A3100614776 /* FitBudTests.swift in Sources */,
			);
			runOnlyForDeploymentPostprocessing = 0;
		};
		8A7D61E11E9E8A3100614776 /* Sources */ = {
			isa = PBXSourcesBuildPhase;
			buildActionMask = 2147483647;
			files = (
				8A7D61EA1E9E8A3100614776 /* FitBudUITests.swift in Sources */,
			);
			runOnlyForDeploymentPostprocessing = 0;
		};
/* End PBXSourcesBuildPhase section */

/* Begin PBXTargetDependency section */
		8A7D61DC1E9E8A3100614776 /* PBXTargetDependency */ = {
			isa = PBXTargetDependency;
			target = 8A7D61C51E9E8A3000614776 /* FitBud */;
			targetProxy = 8A7D61DB1E9E8A3100614776 /* PBXContainerItemProxy */;
		};
		8A7D61E71E9E8A3100614776 /* PBXTargetDependency */ = {
			isa = PBXTargetDependency;
			target = 8A7D61C51E9E8A3000614776 /* FitBud */;
			targetProxy = 8A7D61E61E9E8A3100614776 /* PBXContainerItemProxy */;
		};
/* End PBXTargetDependency section */

/* Begin PBXVariantGroup section */
		8A7D61D21E9E8A3000614776 /* LaunchScreen.storyboard */ = {
			isa = PBXVariantGroup;
			children = (
				8A7D61D31E9E8A3000614776 /* Base */,
			);
			name = LaunchScreen.storyboard;
			sourceTree = "<group>";
		};
		8ABB312B1EA53CCE006272DC /* Main.storyboard */ = {
			isa = PBXVariantGroup;
			children = (
				8ABB312C1EA53CCE006272DC /* Base */,
			);
			name = Main.storyboard;
			sourceTree = "<group>";
		};
/* End PBXVariantGroup section */

/* Begin XCBuildConfiguration section */
		8A7D61EC1E9E8A3100614776 /* Debug */ = {
			isa = XCBuildConfiguration;
			buildSettings = {
				ALWAYS_SEARCH_USER_PATHS = NO;
				CLANG_ANALYZER_NONNULL = YES;
				CLANG_CXX_LANGUAGE_STANDARD = "gnu++0x";
				CLANG_CXX_LIBRARY = "libc++";
				CLANG_ENABLE_MODULES = YES;
				CLANG_ENABLE_OBJC_ARC = YES;
				CLANG_WARN_BOOL_CONVERSION = YES;
				CLANG_WARN_CONSTANT_CONVERSION = YES;
				CLANG_WARN_DIRECT_OBJC_ISA_USAGE = YES_ERROR;
				CLANG_WARN_DOCUMENTATION_COMMENTS = YES;
				CLANG_WARN_EMPTY_BODY = YES;
				CLANG_WARN_ENUM_CONVERSION = YES;
				CLANG_WARN_INFINITE_RECURSION = YES;
				CLANG_WARN_INT_CONVERSION = YES;
				CLANG_WARN_OBJC_ROOT_CLASS = YES_ERROR;
				CLANG_WARN_SUSPICIOUS_MOVE = YES;
				CLANG_WARN_UNREACHABLE_CODE = YES;
				CLANG_WARN__DUPLICATE_METHOD_MATCH = YES;
				"CODE_SIGN_IDENTITY[sdk=iphoneos*]" = "iPhone Developer";
				COPY_PHASE_STRIP = NO;
				DEBUG_INFORMATION_FORMAT = dwarf;
				ENABLE_STRICT_OBJC_MSGSEND = YES;
				ENABLE_TESTABILITY = YES;
				FRAMEWORK_SEARCH_PATHS = "$(SRCROOT)/**";
				GCC_C_LANGUAGE_STANDARD = gnu99;
				GCC_DYNAMIC_NO_PIC = NO;
				GCC_NO_COMMON_BLOCKS = YES;
				GCC_OPTIMIZATION_LEVEL = 0;
				GCC_PREPROCESSOR_DEFINITIONS = (
					"DEBUG=1",
					"$(inherited)",
				);
				GCC_WARN_64_TO_32_BIT_CONVERSION = YES;
				GCC_WARN_ABOUT_RETURN_TYPE = YES_ERROR;
				GCC_WARN_UNDECLARED_SELECTOR = YES;
				GCC_WARN_UNINITIALIZED_AUTOS = YES_AGGRESSIVE;
				GCC_WARN_UNUSED_FUNCTION = YES;
				GCC_WARN_UNUSED_VARIABLE = YES;
				IPHONEOS_DEPLOYMENT_TARGET = 10.2;
				MTL_ENABLE_DEBUG_INFO = YES;
				ONLY_ACTIVE_ARCH = YES;
				SDKROOT = iphoneos;
				SWIFT_ACTIVE_COMPILATION_CONDITIONS = DEBUG;
				SWIFT_OPTIMIZATION_LEVEL = "-Onone";
			};
			name = Debug;
		};
		8A7D61ED1E9E8A3100614776 /* Release */ = {
			isa = XCBuildConfiguration;
			buildSettings = {
				ALWAYS_SEARCH_USER_PATHS = NO;
				CLANG_ANALYZER_NONNULL = YES;
				CLANG_CXX_LANGUAGE_STANDARD = "gnu++0x";
				CLANG_CXX_LIBRARY = "libc++";
				CLANG_ENABLE_MODULES = YES;
				CLANG_ENABLE_OBJC_ARC = YES;
				CLANG_WARN_BOOL_CONVERSION = YES;
				CLANG_WARN_CONSTANT_CONVERSION = YES;
				CLANG_WARN_DIRECT_OBJC_ISA_USAGE = YES_ERROR;
				CLANG_WARN_DOCUMENTATION_COMMENTS = YES;
				CLANG_WARN_EMPTY_BODY = YES;
				CLANG_WARN_ENUM_CONVERSION = YES;
				CLANG_WARN_INFINITE_RECURSION = YES;
				CLANG_WARN_INT_CONVERSION = YES;
				CLANG_WARN_OBJC_ROOT_CLASS = YES_ERROR;
				CLANG_WARN_SUSPICIOUS_MOVE = YES;
				CLANG_WARN_UNREACHABLE_CODE = YES;
				CLANG_WARN__DUPLICATE_METHOD_MATCH = YES;
				"CODE_SIGN_IDENTITY[sdk=iphoneos*]" = "iPhone Developer";
				COPY_PHASE_STRIP = NO;
				DEBUG_INFORMATION_FORMAT = "dwarf-with-dsym";
				ENABLE_NS_ASSERTIONS = NO;
				ENABLE_STRICT_OBJC_MSGSEND = YES;
				FRAMEWORK_SEARCH_PATHS = "$(SRCROOT)/**";
				GCC_C_LANGUAGE_STANDARD = gnu99;
				GCC_NO_COMMON_BLOCKS = YES;
				GCC_WARN_64_TO_32_BIT_CONVERSION = YES;
				GCC_WARN_ABOUT_RETURN_TYPE = YES_ERROR;
				GCC_WARN_UNDECLARED_SELECTOR = YES;
				GCC_WARN_UNINITIALIZED_AUTOS = YES_AGGRESSIVE;
				GCC_WARN_UNUSED_FUNCTION = YES;
				GCC_WARN_UNUSED_VARIABLE = YES;
				IPHONEOS_DEPLOYMENT_TARGET = 10.2;
				MTL_ENABLE_DEBUG_INFO = NO;
				SDKROOT = iphoneos;
				SWIFT_OPTIMIZATION_LEVEL = "-Owholemodule";
				VALIDATE_PRODUCT = YES;
			};
			name = Release;
		};
		8A7D61EF1E9E8A3100614776 /* Debug */ = {
			isa = XCBuildConfiguration;
			baseConfigurationReference = A6D594667BF9DEEB08185FDC /* Pods-FitBud.debug.xcconfig */;
			buildSettings = {
				ALWAYS_EMBED_SWIFT_STANDARD_LIBRARIES = YES;
				ASSETCATALOG_COMPILER_APPICON_NAME = AppIcon;
				CLANG_ENABLE_MODULES = YES;
				DEVELOPMENT_TEAM = DGJ9JL7A3W;
				INFOPLIST_FILE = FitBud/Info.plist;
				LD_RUNPATH_SEARCH_PATHS = "$(inherited) @executable_path/Frameworks";
				PRODUCT_BUNDLE_IDENTIFIER = Runthaplay.FitBud;
				PRODUCT_NAME = "$(TARGET_NAME)";
				SWIFT_OBJC_BRIDGING_HEADER = "FitBud/FitBud-Bridging-Header.h";
				SWIFT_OPTIMIZATION_LEVEL = "-Onone";
				SWIFT_VERSION = 3.0;
			};
			name = Debug;
		};
		8A7D61F01E9E8A3100614776 /* Release */ = {
			isa = XCBuildConfiguration;
			baseConfigurationReference = CB0562FEBFB29E8BAD9A12A0 /* Pods-FitBud.release.xcconfig */;
			buildSettings = {
				ALWAYS_EMBED_SWIFT_STANDARD_LIBRARIES = YES;
				ASSETCATALOG_COMPILER_APPICON_NAME = AppIcon;
				CLANG_ENABLE_MODULES = YES;
				DEVELOPMENT_TEAM = DGJ9JL7A3W;
				INFOPLIST_FILE = FitBud/Info.plist;
				LD_RUNPATH_SEARCH_PATHS = "$(inherited) @executable_path/Frameworks";
				PRODUCT_BUNDLE_IDENTIFIER = Runthaplay.FitBud;
				PRODUCT_NAME = "$(TARGET_NAME)";
				SWIFT_OBJC_BRIDGING_HEADER = "FitBud/FitBud-Bridging-Header.h";
				SWIFT_VERSION = 3.0;
			};
			name = Release;
		};
		8A7D61F21E9E8A3100614776 /* Debug */ = {
			isa = XCBuildConfiguration;
			baseConfigurationReference = C1F450593990EF07BFF09BC8 /* Pods-FitBudTests.debug.xcconfig */;
			buildSettings = {
				ALWAYS_EMBED_SWIFT_STANDARD_LIBRARIES = YES;
				BUNDLE_LOADER = "$(TEST_HOST)";
				DEVELOPMENT_TEAM = DGJ9JL7A3W;
				INFOPLIST_FILE = FitBudTests/Info.plist;
				LD_RUNPATH_SEARCH_PATHS = "$(inherited) @executable_path/Frameworks @loader_path/Frameworks";
				PRODUCT_BUNDLE_IDENTIFIER = Runthaplay.FitBudTests;
				PRODUCT_NAME = "$(TARGET_NAME)";
				SWIFT_VERSION = 3.0;
				TEST_HOST = "$(BUILT_PRODUCTS_DIR)/FitBud.app/FitBud";
			};
			name = Debug;
		};
		8A7D61F31E9E8A3100614776 /* Release */ = {
			isa = XCBuildConfiguration;
			baseConfigurationReference = E372083A7A94C5811371729E /* Pods-FitBudTests.release.xcconfig */;
			buildSettings = {
				ALWAYS_EMBED_SWIFT_STANDARD_LIBRARIES = YES;
				BUNDLE_LOADER = "$(TEST_HOST)";
				DEVELOPMENT_TEAM = DGJ9JL7A3W;
				INFOPLIST_FILE = FitBudTests/Info.plist;
				LD_RUNPATH_SEARCH_PATHS = "$(inherited) @executable_path/Frameworks @loader_path/Frameworks";
				PRODUCT_BUNDLE_IDENTIFIER = Runthaplay.FitBudTests;
				PRODUCT_NAME = "$(TARGET_NAME)";
				SWIFT_VERSION = 3.0;
				TEST_HOST = "$(BUILT_PRODUCTS_DIR)/FitBud.app/FitBud";
			};
			name = Release;
		};
		8A7D61F51E9E8A3100614776 /* Debug */ = {
			isa = XCBuildConfiguration;
			baseConfigurationReference = 0E0299395664B91EA7BB3D26 /* Pods-FitBudUITests.debug.xcconfig */;
			buildSettings = {
				ALWAYS_EMBED_SWIFT_STANDARD_LIBRARIES = YES;
				DEVELOPMENT_TEAM = DGJ9JL7A3W;
				INFOPLIST_FILE = FitBudUITests/Info.plist;
				LD_RUNPATH_SEARCH_PATHS = "$(inherited) @executable_path/Frameworks @loader_path/Frameworks";
				PRODUCT_BUNDLE_IDENTIFIER = Runthaplay.FitBudUITests;
				PRODUCT_NAME = "$(TARGET_NAME)";
				SWIFT_VERSION = 3.0;
				TEST_TARGET_NAME = FitBud;
			};
			name = Debug;
		};
		8A7D61F61E9E8A3100614776 /* Release */ = {
			isa = XCBuildConfiguration;
			baseConfigurationReference = 51748DFCA57F23F3D067DF56 /* Pods-FitBudUITests.release.xcconfig */;
			buildSettings = {
				ALWAYS_EMBED_SWIFT_STANDARD_LIBRARIES = YES;
				DEVELOPMENT_TEAM = DGJ9JL7A3W;
				INFOPLIST_FILE = FitBudUITests/Info.plist;
				LD_RUNPATH_SEARCH_PATHS = "$(inherited) @executable_path/Frameworks @loader_path/Frameworks";
				PRODUCT_BUNDLE_IDENTIFIER = Runthaplay.FitBudUITests;
				PRODUCT_NAME = "$(TARGET_NAME)";
				SWIFT_VERSION = 3.0;
				TEST_TARGET_NAME = FitBud;
			};
			name = Release;
		};
/* End XCBuildConfiguration section */

/* Begin XCConfigurationList section */
		8A7D61C11E9E8A3000614776 /* Build configuration list for PBXProject "FitBud" */ = {
			isa = XCConfigurationList;
			buildConfigurations = (
				8A7D61EC1E9E8A3100614776 /* Debug */,
				8A7D61ED1E9E8A3100614776 /* Release */,
			);
			defaultConfigurationIsVisible = 0;
			defaultConfigurationName = Release;
		};
		8A7D61EE1E9E8A3100614776 /* Build configuration list for PBXNativeTarget "FitBud" */ = {
			isa = XCConfigurationList;
			buildConfigurations = (
				8A7D61EF1E9E8A3100614776 /* Debug */,
				8A7D61F01E9E8A3100614776 /* Release */,
			);
			defaultConfigurationIsVisible = 0;
			defaultConfigurationName = Release;
		};
		8A7D61F11E9E8A3100614776 /* Build configuration list for PBXNativeTarget "FitBudTests" */ = {
			isa = XCConfigurationList;
			buildConfigurations = (
				8A7D61F21E9E8A3100614776 /* Debug */,
				8A7D61F31E9E8A3100614776 /* Release */,
			);
			defaultConfigurationIsVisible = 0;
			defaultConfigurationName = Release;
		};
		8A7D61F41E9E8A3100614776 /* Build configuration list for PBXNativeTarget "FitBudUITests" */ = {
			isa = XCConfigurationList;
			buildConfigurations = (
				8A7D61F51E9E8A3100614776 /* Debug */,
				8A7D61F61E9E8A3100614776 /* Release */,
			);
			defaultConfigurationIsVisible = 0;
			defaultConfigurationName = Release;
		};
/* End XCConfigurationList section */
	};
	rootObject = 8A7D61BE1E9E8A3000614776 /* Project object */;
}
