// !$*UTF8*$!
{
	archiveVersion = 1;
	classes = {
	};
	objectVersion = 46;
	objects = {

/* Begin PBXBuildFile section */
		8A7D61CA1E9E8A3000614776 /* AppDelegate.swift in Sources */ = {isa = PBXBuildFile; fileRef = 8A7D61C91E9E8A3000614776 /* AppDelegate.swift */; };
		8A7D61CC1E9E8A3000614776 /* ViewController.swift in Sources */ = {isa = PBXBuildFile; fileRef = 8A7D61CB1E9E8A3000614776 /* ViewController.swift */; };
		8A7D61CF1E9E8A3000614776 /* Main.storyboard in Resources */ = {isa = PBXBuildFile; fileRef = 8A7D61CD1E9E8A3000614776 /* Main.storyboard */; };
		8A7D61D11E9E8A3000614776 /* Assets.xcassets in Resources */ = {isa = PBXBuildFile; fileRef = 8A7D61D01E9E8A3000614776 /* Assets.xcassets */; };
		8A7D61D41E9E8A3000614776 /* LaunchScreen.storyboard in Resources */ = {isa = PBXBuildFile; fileRef = 8A7D61D21E9E8A3000614776 /* LaunchScreen.storyboard */; };
		8A7D61DF1E9E8A3100614776 /* FitBudTests.swift in Sources */ = {isa = PBXBuildFile; fileRef = 8A7D61DE1E9E8A3100614776 /* FitBudTests.swift */; };
		8A7D61EA1E9E8A3100614776 /* FitBudUITests.swift in Sources */ = {isa = PBXBuildFile; fileRef = 8A7D61E91E9E8A3100614776 /* FitBudUITests.swift */; };
/* End PBXBuildFile section */

/* Begin PBXContainerItemProxy section */
		8A7D61DB1E9E8A3100614776 /* PBXContainerItemProxy */ = {
			isa = PBXContainerItemProxy;
			containerPortal = 8A7D61BE1E9E8A3000614776 /* Project object */;
			proxyType = 1;
			remoteGlobalIDString = 8A7D61C51E9E8A3000614776;
			remoteInfo = FitBud;
		};
		8A7D61E61E9E8A3100614776 /* PBXContainerItemProxy */ = {
			isa = PBXContainerItemProxy;
			containerPortal = 8A7D61BE1E9E8A3000614776 /* Project object */;
			proxyType = 1;
			remoteGlobalIDString = 8A7D61C51E9E8A3000614776;
			remoteInfo = FitBud;
		};
/* End PBXContainerItemProxy section */

/* Begin PBXFileReference section */
		8A7D61C61E9E8A3000614776 /* FitBud.app */ = {isa = PBXFileReference; explicitFileType = wrapper.application; includeInIndex = 0; path = FitBud.app; sourceTree = BUILT_PRODUCTS_DIR; };
		8A7D61C91E9E8A3000614776 /* AppDelegate.swift */ = {isa = PBXFileReference; lastKnownFileType = sourcecode.swift; path = AppDelegate.swift; sourceTree = "<group>"; };
		8A7D61CB1E9E8A3000614776 /* ViewController.swift */ = {isa = PBXFileReference; lastKnownFileType = sourcecode.swift; path = ViewController.swift; sourceTree = "<group>"; };
		8A7D61CE1E9E8A3000614776 /* Base */ = {isa = PBXFileReference; lastKnownFileType = file.storyboard; name = Base; path = Base.lproj/Main.storyboard; sourceTree = "<group>"; };
		8A7D61D01E9E8A3000614776 /* Assets.xcassets */ = {isa = PBXFileReference; lastKnownFileType = folder.assetcatalog; path = Assets.xcassets; sourceTree = "<group>"; };
		8A7D61D31E9E8A3000614776 /* Base */ = {isa = PBXFileReference; lastKnownFileType = file.storyboard; name = Base; path = Base.lproj/LaunchScreen.storyboard; sourceTree = "<group>"; };
		8A7D61D51E9E8A3000614776 /* Info.plist */ = {isa = PBXFileReference; lastKnownFileType = text.plist.xml; path = Info.plist; sourceTree = "<group>"; };
		8A7D61DA1E9E8A3100614776 /* FitBudTests.xctest */ = {isa = PBXFileReference; explicitFileType = wrapper.cfbundle; includeInIndex = 0; path = FitBudTests.xctest; sourceTree = BUILT_PRODUCTS_DIR; };
		8A7D61DE1E9E8A3100614776 /* FitBudTests.swift */ = {isa = PBXFileReference; lastKnownFileType = sourcecode.swift; path = FitBudTests.swift; sourceTree = "<group>"; };
		8A7D61E01E9E8A3100614776 /* Info.plist */ = {isa = PBXFileReference; lastKnownFileType = text.plist.xml; path = Info.plist; sourceTree = "<group>"; };
		8A7D61E51E9E8A3100614776 /* FitBudUITests.xctest */ = {isa = PBXFileReference; explicitFileType = wrapper.cfbundle; includeInIndex = 0; path = FitBudUITests.xctest; sourceTree = BUILT_PRODUCTS_DIR; };
		8A7D61E91E9E8A3100614776 /* FitBudUITests.swift */ = {isa = PBXFileReference; lastKnownFileType = sourcecode.swift; path = FitBudUITests.swift; sourceTree = "<group>"; };
		8A7D61EB1E9E8A3100614776 /* Info.plist */ = {isa = PBXFileReference; lastKnownFileType = text.plist.xml; path = Info.plist; sourceTree = "<group>"; };
/* End PBXFileReference section */

/* Begin PBXFrameworksBuildPhase section */
		8A7D61C31E9E8A3000614776 /* Frameworks */ = {
			isa = PBXFrameworksBuildPhase;
			buildActionMask = 2147483647;
			files = (
			);
			runOnlyForDeploymentPostprocessing = 0;
		};
		8A7D61D71E9E8A3100614776 /* Frameworks */ = {
			isa = PBXFrameworksBuildPhase;
			buildActionMask = 2147483647;
			files = (
			);
			runOnlyForDeploymentPostprocessing = 0;
		};
		8A7D61E21E9E8A3100614776 /* Frameworks */ = {
			isa = PBXFrameworksBuildPhase;
			buildActionMask = 2147483647;
			files = (
			);
			runOnlyForDeploymentPostprocessing = 0;
		};
/* End PBXFrameworksBuildPhase section */

/* Begin PBXGroup section */
		8A7D61BD1E9E8A3000614776 = {
			isa = PBXGroup;
			children = (
				8A7D61C81E9E8A3000614776 /* FitBud */,
				8A7D61DD1E9E8A3100614776 /* FitBudTests */,
				8A7D61E81E9E8A3100614776 /* FitBudUITests */,
				8A7D61C71E9E8A3000614776 /* Products */,
			);
			sourceTree = "<group>";
		};
		8A7D61C71E9E8A3000614776 /* Products */ = {
			isa = PBXGroup;
			children = (
				8A7D61C61E9E8A3000614776 /* FitBud.app */,
				8A7D61DA1E9E8A3100614776 /* FitBudTests.xctest */,
				8A7D61E51E9E8A3100614776 /* FitBudUITests.xctest */,
			);
			name = Products;
			sourceTree = "<group>";
		};
		8A7D61C81E9E8A3000614776 /* FitBud */ = {
			isa = PBXGroup;
			children = (
				8A7D61C91E9E8A3000614776 /* AppDelegate.swift */,
				8A7D61CB1E9E8A3000614776 /* ViewController.swift */,
				8A7D61CD1E9E8A3000614776 /* Main.storyboard */,
				8A7D61D01E9E8A3000614776 /* Assets.xcassets */,
				8A7D61D21E9E8A3000614776 /* LaunchScreen.storyboard */,
				8A7D61D51E9E8A3000614776 /* Info.plist */,
			);
			path = FitBud;
			sourceTree = "<group>";
		};
		8A7D61DD1E9E8A3100614776 /* FitBudTests */ = {
			isa = PBXGroup;
			children = (
				8A7D61DE1E9E8A3100614776 /* FitBudTests.swift */,
				8A7D61E01E9E8A3100614776 /* Info.plist */,
			);
			path = FitBudTests;
			sourceTree = "<group>";
		};
		8A7D61E81E9E8A3100614776 /* FitBudUITests */ = {
			isa = PBXGroup;
			children = (
				8A7D61E91E9E8A3100614776 /* FitBudUITests.swift */,
				8A7D61EB1E9E8A3100614776 /* Info.plist */,
			);
			path = FitBudUITests;
			sourceTree = "<group>";
		};
/* End PBXGroup section */

/* Begin PBXNativeTarget section */
		8A7D61C51E9E8A3000614776 /* FitBud */ = {
			isa = PBXNativeTarget;
			buildConfigurationList = 8A7D61EE1E9E8A3100614776 /* Build configuration list for PBXNativeTarget "FitBud" */;
			buildPhases = (
				8A7D61C21E9E8A3000614776 /* Sources */,
				8A7D61C31E9E8A3000614776 /* Frameworks */,
				8A7D61C41E9E8A3000614776 /* Resources */,
			);
			buildRules = (
			);
			dependencies = (
			);
			name = FitBud;
			productName = FitBud;
			productReference = 8A7D61C61E9E8A3000614776 /* FitBud.app */;
			productType = "com.apple.product-type.application";
		};
		8A7D61D91E9E8A3100614776 /* FitBudTests */ = {
			isa = PBXNativeTarget;
			buildConfigurationList = 8A7D61F11E9E8A3100614776 /* Build configuration list for PBXNativeTarget "FitBudTests" */;
			buildPhases = (
				8A7D61D61E9E8A3100614776 /* Sources */,
				8A7D61D71E9E8A3100614776 /* Frameworks */,
				8A7D61D81E9E8A3100614776 /* Resources */,
			);
			buildRules = (
			);
			dependencies = (
				8A7D61DC1E9E8A3100614776 /* PBXTargetDependency */,
			);
			name = FitBudTests;
			productName = FitBudTests;
			productReference = 8A7D61DA1E9E8A3100614776 /* FitBudTests.xctest */;
			productType = "com.apple.product-type.bundle.unit-test";
		};
		8A7D61E41E9E8A3100614776 /* FitBudUITests */ = {
			isa = PBXNativeTarget;
			buildConfigurationList = 8A7D61F41E9E8A3100614776 /* Build configuration list for PBXNativeTarget "FitBudUITests" */;
			buildPhases = (
				8A7D61E11E9E8A3100614776 /* Sources */,
				8A7D61E21E9E8A3100614776 /* Frameworks */,
				8A7D61E31E9E8A3100614776 /* Resources */,
			);
			buildRules = (
			);
			dependencies = (
				8A7D61E71E9E8A3100614776 /* PBXTargetDependency */,
			);
			name = FitBudUITests;
			productName = FitBudUITests;
			productReference = 8A7D61E51E9E8A3100614776 /* FitBudUITests.xctest */;
			productType = "com.apple.product-type.bundle.ui-testing";
		};
/* End PBXNativeTarget section */

/* Begin PBXProject section */
		8A7D61BE1E9E8A3000614776 /* Project object */ = {
			isa = PBXProject;
			attributes = {
				LastSwiftUpdateCheck = 0820;
				LastUpgradeCheck = 0820;
				ORGANIZATIONNAME = TheGrandWizard;
				TargetAttributes = {
					8A7D61C51E9E8A3000614776 = {
						CreatedOnToolsVersion = 8.2.1;
						DevelopmentTeam = DGJ9JL7A3W;
						ProvisioningStyle = Automatic;
					};
					8A7D61D91E9E8A3100614776 = {
						CreatedOnToolsVersion = 8.2.1;
						DevelopmentTeam = DGJ9JL7A3W;
						ProvisioningStyle = Automatic;
						TestTargetID = 8A7D61C51E9E8A3000614776;
					};
					8A7D61E41E9E8A3100614776 = {
						CreatedOnToolsVersion = 8.2.1;
						DevelopmentTeam = DGJ9JL7A3W;
						ProvisioningStyle = Automatic;
						TestTargetID = 8A7D61C51E9E8A3000614776;
					};
				};
			};
			buildConfigurationList = 8A7D61C11E9E8A3000614776 /* Build configuration list for PBXProject "FitBud" */;
			compatibilityVersion = "Xcode 3.2";
			developmentRegion = English;
			hasScannedForEncodings = 0;
			knownRegions = (
				en,
				Base,
			);
			mainGroup = 8A7D61BD1E9E8A3000614776;
			productRefGroup = 8A7D61C71E9E8A3000614776 /* Products */;
			projectDirPath = "";
			projectRoot = "";
			targets = (
				8A7D61C51E9E8A3000614776 /* FitBud */,
				8A7D61D91E9E8A3100614776 /* FitBudTests */,
				8A7D61E41E9E8A3100614776 /* FitBudUITests */,
			);
		};
/* End PBXProject section */

/* Begin PBXResourcesBuildPhase section */
		8A7D61C41E9E8A3000614776 /* Resources */ = {
			isa = PBXResourcesBuildPhase;
			buildActionMask = 2147483647;
			files = (
				8A7D61D41E9E8A3000614776 /* LaunchScreen.storyboard in Resources */,
				8A7D61D11E9E8A3000614776 /* Assets.xcassets in Resources */,
				8A7D61CF1E9E8A3000614776 /* Main.storyboard in Resources */,
			);
			runOnlyForDeploymentPostprocessing = 0;
		};
		8A7D61D81E9E8A3100614776 /* Resources */ = {
			isa = PBXResourcesBuildPhase;
			buildActionMask = 2147483647;
			files = (
			);
			runOnlyForDeploymentPostprocessing = 0;
		};
		8A7D61E31E9E8A3100614776 /* Resources */ = {
			isa = PBXResourcesBuildPhase;
			buildActionMask = 2147483647;
			files = (
			);
			runOnlyForDeploymentPostprocessing = 0;
		};
/* End PBXResourcesBuildPhase section */

/* Begin PBXSourcesBuildPhase section */
		8A7D61C21E9E8A3000614776 /* Sources */ = {
			isa = PBXSourcesBuildPhase;
			buildActionMask = 2147483647;
			files = (
				8A7D61CC1E9E8A3000614776 /* ViewController.swift in Sources */,
				8A7D61CA1E9E8A3000614776 /* AppDelegate.swift in Sources */,
			);
			runOnlyForDeploymentPostprocessing = 0;
		};
		8A7D61D61E9E8A3100614776 /* Sources */ = {
			isa = PBXSourcesBuildPhase;
			buildActionMask = 2147483647;
			files = (
				8A7D61DF1E9E8A3100614776 /* FitBudTests.swift in Sources */,
			);
			runOnlyForDeploymentPostprocessing = 0;
		};
		8A7D61E11E9E8A3100614776 /* Sources */ = {
			isa = PBXSourcesBuildPhase;
			buildActionMask = 2147483647;
			files = (
				8A7D61EA1E9E8A3100614776 /* FitBudUITests.swift in Sources */,
			);
			runOnlyForDeploymentPostprocessing = 0;
		};
/* End PBXSourcesBuildPhase section */

/* Begin PBXTargetDependency section */
		8A7D61DC1E9E8A3100614776 /* PBXTargetDependency */ = {
			isa = PBXTargetDependency;
			target = 8A7D61C51E9E8A3000614776 /* FitBud */;
			targetProxy = 8A7D61DB1E9E8A3100614776 /* PBXContainerItemProxy */;
		};
		8A7D61E71E9E8A3100614776 /* PBXTargetDependency */ = {
			isa = PBXTargetDependency;
			target = 8A7D61C51E9E8A3000614776 /* FitBud */;
			targetProxy = 8A7D61E61E9E8A3100614776 /* PBXContainerItemProxy */;
		};
/* End PBXTargetDependency section */

/* Begin PBXVariantGroup section */
		8A7D61CD1E9E8A3000614776 /* Main.storyboard */ = {
			isa = PBXVariantGroup;
			children = (
				8A7D61CE1E9E8A3000614776 /* Base */,
			);
			name = Main.storyboard;
			sourceTree = "<group>";
		};
		8A7D61D21E9E8A3000614776 /* LaunchScreen.storyboard */ = {
			isa = PBXVariantGroup;
			children = (
				8A7D61D31E9E8A3000614776 /* Base */,
			);
			name = LaunchScreen.storyboard;
			sourceTree = "<group>";
		};
/* End PBXVariantGroup section */

/* Begin XCBuildConfiguration section */
		8A7D61EC1E9E8A3100614776 /* Debug */ = {
			isa = XCBuildConfiguration;
			buildSettings = {
				ALWAYS_SEARCH_USER_PATHS = NO;
				CLANG_ANALYZER_NONNULL = YES;
				CLANG_CXX_LANGUAGE_STANDARD = "gnu++0x";
				CLANG_CXX_LIBRARY = "libc++";
				CLANG_ENABLE_MODULES = YES;
				CLANG_ENABLE_OBJC_ARC = YES;
				CLANG_WARN_BOOL_CONVERSION = YES;
				CLANG_WARN_CONSTANT_CONVERSION = YES;
				CLANG_WARN_DIRECT_OBJC_ISA_USAGE = YES_ERROR;
				CLANG_WARN_DOCUMENTATION_COMMENTS = YES;
				CLANG_WARN_EMPTY_BODY = YES;
				CLANG_WARN_ENUM_CONVERSION = YES;
				CLANG_WARN_INFINITE_RECURSION = YES;
				CLANG_WARN_INT_CONVERSION = YES;
				CLANG_WARN_OBJC_ROOT_CLASS = YES_ERROR;
				CLANG_WARN_SUSPICIOUS_MOVE = YES;
				CLANG_WARN_UNREACHABLE_CODE = YES;
				CLANG_WARN__DUPLICATE_METHOD_MATCH = YES;
				"CODE_SIGN_IDENTITY[sdk=iphoneos*]" = "iPhone Developer";
				COPY_PHASE_STRIP = NO;
				DEBUG_INFORMATION_FORMAT = dwarf;
				ENABLE_STRICT_OBJC_MSGSEND = YES;
				ENABLE_TESTABILITY = YES;
				GCC_C_LANGUAGE_STANDARD = gnu99;
				GCC_DYNAMIC_NO_PIC = NO;
				GCC_NO_COMMON_BLOCKS = YES;
				GCC_OPTIMIZATION_LEVEL = 0;
				GCC_PREPROCESSOR_DEFINITIONS = (
					"DEBUG=1",
					"$(inherited)",
				);
				GCC_WARN_64_TO_32_BIT_CONVERSION = YES;
				GCC_WARN_ABOUT_RETURN_TYPE = YES_ERROR;
				GCC_WARN_UNDECLARED_SELECTOR = YES;
				GCC_WARN_UNINITIALIZED_AUTOS = YES_AGGRESSIVE;
				GCC_WARN_UNUSED_FUNCTION = YES;
				GCC_WARN_UNUSED_VARIABLE = YES;
				IPHONEOS_DEPLOYMENT_TARGET = 10.2;
				MTL_ENABLE_DEBUG_INFO = YES;
				ONLY_ACTIVE_ARCH = YES;
				SDKROOT = iphoneos;
				SWIFT_ACTIVE_COMPILATION_CONDITIONS = DEBUG;
				SWIFT_OPTIMIZATION_LEVEL = "-Onone";
			};
			name = Debug;
		};
		8A7D61ED1E9E8A3100614776 /* Release */ = {
			isa = XCBuildConfiguration;
			buildSettings = {
				ALWAYS_SEARCH_USER_PATHS = NO;
				CLANG_ANALYZER_NONNULL = YES;
				CLANG_CXX_LANGUAGE_STANDARD = "gnu++0x";
				CLANG_CXX_LIBRARY = "libc++";
				CLANG_ENABLE_MODULES = YES;
				CLANG_ENABLE_OBJC_ARC = YES;
				CLANG_WARN_BOOL_CONVERSION = YES;
				CLANG_WARN_CONSTANT_CONVERSION = YES;
				CLANG_WARN_DIRECT_OBJC_ISA_USAGE = YES_ERROR;
				CLANG_WARN_DOCUMENTATION_COMMENTS = YES;
				CLANG_WARN_EMPTY_BODY = YES;
				CLANG_WARN_ENUM_CONVERSION = YES;
				CLANG_WARN_INFINITE_RECURSION = YES;
				CLANG_WARN_INT_CONVERSION = YES;
				CLANG_WARN_OBJC_ROOT_CLASS = YES_ERROR;
				CLANG_WARN_SUSPICIOUS_MOVE = YES;
				CLANG_WARN_UNREACHABLE_CODE = YES;
				CLANG_WARN__DUPLICATE_METHOD_MATCH = YES;
				"CODE_SIGN_IDENTITY[sdk=iphoneos*]" = "iPhone Developer";
				COPY_PHASE_STRIP = NO;
				DEBUG_INFORMATION_FORMAT = "dwarf-with-dsym";
				ENABLE_NS_ASSERTIONS = NO;
				ENABLE_STRICT_OBJC_MSGSEND = YES;
				GCC_C_LANGUAGE_STANDARD = gnu99;
				GCC_NO_COMMON_BLOCKS = YES;
				GCC_WARN_64_TO_32_BIT_CONVERSION = YES;
				GCC_WARN_ABOUT_RETURN_TYPE = YES_ERROR;
				GCC_WARN_UNDECLARED_SELECTOR = YES;
				GCC_WARN_UNINITIALIZED_AUTOS = YES_AGGRESSIVE;
				GCC_WARN_UNUSED_FUNCTION = YES;
				GCC_WARN_UNUSED_VARIABLE = YES;
				IPHONEOS_DEPLOYMENT_TARGET = 10.2;
				MTL_ENABLE_DEBUG_INFO = NO;
				SDKROOT = iphoneos;
				SWIFT_OPTIMIZATION_LEVEL = "-Owholemodule";
				VALIDATE_PRODUCT = YES;
			};
			name = Release;
		};
		8A7D61EF1E9E8A3100614776 /* Debug */ = {
			isa = XCBuildConfiguration;
			buildSettings = {
				ASSETCATALOG_COMPILER_APPICON_NAME = AppIcon;
				DEVELOPMENT_TEAM = DGJ9JL7A3W;
				INFOPLIST_FILE = FitBud/Info.plist;
				LD_RUNPATH_SEARCH_PATHS = "$(inherited) @executable_path/Frameworks";
				PRODUCT_BUNDLE_IDENTIFIER = Runthaplay.FitBud;
				PRODUCT_NAME = "$(TARGET_NAME)";
				SWIFT_VERSION = 3.0;
			};
			name = Debug;
		};
		8A7D61F01E9E8A3100614776 /* Release */ = {
			isa = XCBuildConfiguration;
			buildSettings = {
				ASSETCATALOG_COMPILER_APPICON_NAME = AppIcon;
				DEVELOPMENT_TEAM = DGJ9JL7A3W;
				INFOPLIST_FILE = FitBud/Info.plist;
				LD_RUNPATH_SEARCH_PATHS = "$(inherited) @executable_path/Frameworks";
				PRODUCT_BUNDLE_IDENTIFIER = Runthaplay.FitBud;
				PRODUCT_NAME = "$(TARGET_NAME)";
				SWIFT_VERSION = 3.0;
			};
			name = Release;
		};
		8A7D61F21E9E8A3100614776 /* Debug */ = {
			isa = XCBuildConfiguration;
			buildSettings = {
				ALWAYS_EMBED_SWIFT_STANDARD_LIBRARIES = YES;
				BUNDLE_LOADER = "$(TEST_HOST)";
				DEVELOPMENT_TEAM = DGJ9JL7A3W;
				INFOPLIST_FILE = FitBudTests/Info.plist;
				LD_RUNPATH_SEARCH_PATHS = "$(inherited) @executable_path/Frameworks @loader_path/Frameworks";
				PRODUCT_BUNDLE_IDENTIFIER = Runthaplay.FitBudTests;
				PRODUCT_NAME = "$(TARGET_NAME)";
				SWIFT_VERSION = 3.0;
				TEST_HOST = "$(BUILT_PRODUCTS_DIR)/FitBud.app/FitBud";
			};
			name = Debug;
		};
		8A7D61F31E9E8A3100614776 /* Release */ = {
			isa = XCBuildConfiguration;
			buildSettings = {
				ALWAYS_EMBED_SWIFT_STANDARD_LIBRARIES = YES;
				BUNDLE_LOADER = "$(TEST_HOST)";
				DEVELOPMENT_TEAM = DGJ9JL7A3W;
				INFOPLIST_FILE = FitBudTests/Info.plist;
				LD_RUNPATH_SEARCH_PATHS = "$(inherited) @executable_path/Frameworks @loader_path/Frameworks";
				PRODUCT_BUNDLE_IDENTIFIER = Runthaplay.FitBudTests;
				PRODUCT_NAME = "$(TARGET_NAME)";
				SWIFT_VERSION = 3.0;
				TEST_HOST = "$(BUILT_PRODUCTS_DIR)/FitBud.app/FitBud";
			};
			name = Release;
		};
		8A7D61F51E9E8A3100614776 /* Debug */ = {
			isa = XCBuildConfiguration;
			buildSettings = {
				ALWAYS_EMBED_SWIFT_STANDARD_LIBRARIES = YES;
				DEVELOPMENT_TEAM = DGJ9JL7A3W;
				INFOPLIST_FILE = FitBudUITests/Info.plist;
				LD_RUNPATH_SEARCH_PATHS = "$(inherited) @executable_path/Frameworks @loader_path/Frameworks";
				PRODUCT_BUNDLE_IDENTIFIER = Runthaplay.FitBudUITests;
				PRODUCT_NAME = "$(TARGET_NAME)";
				SWIFT_VERSION = 3.0;
				TEST_TARGET_NAME = FitBud;
			};
			name = Debug;
		};
		8A7D61F61E9E8A3100614776 /* Release */ = {
			isa = XCBuildConfiguration;
			buildSettings = {
				ALWAYS_EMBED_SWIFT_STANDARD_LIBRARIES = YES;
				DEVELOPMENT_TEAM = DGJ9JL7A3W;
				INFOPLIST_FILE = FitBudUITests/Info.plist;
				LD_RUNPATH_SEARCH_PATHS = "$(inherited) @executable_path/Frameworks @loader_path/Frameworks";
				PRODUCT_BUNDLE_IDENTIFIER = Runthaplay.FitBudUITests;
				PRODUCT_NAME = "$(TARGET_NAME)";
				SWIFT_VERSION = 3.0;
				TEST_TARGET_NAME = FitBud;
			};
			name = Release;
		};
/* End XCBuildConfiguration section */

/* Begin XCConfigurationList section */
		8A7D61C11E9E8A3000614776 /* Build configuration list for PBXProject "FitBud" */ = {
			isa = XCConfigurationList;
			buildConfigurations = (
				8A7D61EC1E9E8A3100614776 /* Debug */,
				8A7D61ED1E9E8A3100614776 /* Release */,
			);
			defaultConfigurationIsVisible = 0;
			defaultConfigurationName = Release;
		};
		8A7D61EE1E9E8A3100614776 /* Build configuration list for PBXNativeTarget "FitBud" */ = {
			isa = XCConfigurationList;
			buildConfigurations = (
				8A7D61EF1E9E8A3100614776 /* Debug */,
				8A7D61F01E9E8A3100614776 /* Release */,
			);
			defaultConfigurationIsVisible = 0;
		};
		8A7D61F11E9E8A3100614776 /* Build configuration list for PBXNativeTarget "FitBudTests" */ = {
			isa = XCConfigurationList;
			buildConfigurations = (
				8A7D61F21E9E8A3100614776 /* Debug */,
				8A7D61F31E9E8A3100614776 /* Release */,
			);
			defaultConfigurationIsVisible = 0;
		};
		8A7D61F41E9E8A3100614776 /* Build configuration list for PBXNativeTarget "FitBudUITests" */ = {
			isa = XCConfigurationList;
			buildConfigurations = (
				8A7D61F51E9E8A3100614776 /* Debug */,
				8A7D61F61E9E8A3100614776 /* Release */,
			);
			defaultConfigurationIsVisible = 0;
		};
/* End XCConfigurationList section */
	};
	rootObject = 8A7D61BE1E9E8A3000614776 /* Project object */;
}
